
Microsoft Visual Studio Solution File, Format Version 12.00
# Visual Studio Version 17
VisualStudioVersion = 17.7.34221.43
MinimumVisualStudioVersion = 10.0.40219.1
Project("{FAE04EC0-301F-11D3-BF4B-00C04F79EFBC}") = "OptimizatorDEMO", "OptimizatorDEMO\OptimizatorDEMO.csproj", "{4A6E3CEA-6208-4A25-A53F-313FB7461B03}"
EndProject
Global
	GlobalSection(SolutionConfigurationPlatforms) = preSolution
		Debug|Any CPU = Debug|Any CPU
		Release|Any CPU = Release|Any CPU
	EndGlobalSection
	GlobalSection(ProjectConfigurationPlatforms) = postSolution
		{4A6E3CEA-6208-4A25-A53F-313FB7461B03}.Debug|Any CPU.ActiveCfg = Debug|Any CPU
		{4A6E3CEA-6208-4A25-A53F-313FB7461B03}.Debug|Any CPU.Build.0 = Debug|Any CPU
		{4A6E3CEA-6208-4A25-A53F-313FB7461B03}.Release|Any CPU.ActiveCfg = Release|Any CPU
		{4A6E3CEA-6208-4A25-A53F-313FB7461B03}.Release|Any CPU.Build.0 = Release|Any CPU
	EndGlobalSection
	GlobalSection(SolutionProperties) = preSolution
		HideSolutionNode = FALSE
	EndGlobalSection
	GlobalSection(ExtensibilityGlobals) = postSolution
		SolutionGuid = {77942CC8-F874-4663-B71D-111993EEB765}
	EndGlobalSection
EndGlobal
